// !$*UTF8*$!
{
	archiveVersion = 1;
	classes = {
	};
	objectVersion = 46;
	objects = {

/* Begin PBXBuildFile section */
		0B8B40E21EB749B000C3650D /* product.cpp in Sources */ = {isa = PBXBuildFile; fileRef = 0B8B40E01EB749B000C3650D /* product.cpp */; };
		0B8B40E51EC8CF3900C3650D /* parser.cpp in Sources */ = {isa = PBXBuildFile; fileRef = 0B8B40E31EC8CF3900C3650D /* parser.cpp */; };
		0B8B40E81EC8E71000C3650D /* fileHandler.cpp in Sources */ = {isa = PBXBuildFile; fileRef = 0B8B40E61EC8E71000C3650D /* fileHandler.cpp */; };
		0BC0ABB01EAA9DF60031DD9A /* main.cpp in Sources */ = {isa = PBXBuildFile; fileRef = 0BC0ABAF1EAA9DF60031DD9A /* main.cpp */; };
		0BC0ABB81EAA9E1A0031DD9A /* system.cpp in Sources */ = {isa = PBXBuildFile; fileRef = 0BC0ABB61EAA9E1A0031DD9A /* system.cpp */; };
		0BC0ABBE1EAA9E620031DD9A /* systemUI.cpp in Sources */ = {isa = PBXBuildFile; fileRef = 0BC0ABBC1EAA9E620031DD9A /* systemUI.cpp */; };
		0BC0ABC61EAA9F5E0031DD9A /* loginController.cpp in Sources */ = {isa = PBXBuildFile; fileRef = 0BC0ABC41EAA9F5E0031DD9A /* loginController.cpp */; };
		0BC0ABD01EAAA16C0031DD9A /* warehouse.cpp in Sources */ = {isa = PBXBuildFile; fileRef = 0BC0ABCE1EAAA16C0031DD9A /* warehouse.cpp */; };
		0BC0ABD31EAAA1A50031DD9A /* user.cpp in Sources */ = {isa = PBXBuildFile; fileRef = 0BC0ABD11EAAA1A50031DD9A /* user.cpp */; };
		0BC0ABD61EAAA1FB0031DD9A /* cartController.cpp in Sources */ = {isa = PBXBuildFile; fileRef = 0BC0ABD41EAAA1FB0031DD9A /* cartController.cpp */; };
/* End PBXBuildFile section */

/* Begin PBXCopyFilesBuildPhase section */
		0BC0ABAA1EAA9DF60031DD9A /* CopyFiles */ = {
			isa = PBXCopyFilesBuildPhase;
			buildActionMask = 2147483647;
			dstPath = /usr/share/man/man1/;
			dstSubfolderSpec = 0;
			files = (
			);
			runOnlyForDeploymentPostprocessing = 1;
		};
/* End PBXCopyFilesBuildPhase section */

/* Begin PBXFileReference section */
		0B8B40E01EB749B000C3650D /* product.cpp */ = {isa = PBXFileReference; fileEncoding = 4; lastKnownFileType = sourcecode.cpp.cpp; path = product.cpp; sourceTree = "<group>"; };
		0B8B40E11EB749B000C3650D /* product.hpp */ = {isa = PBXFileReference; fileEncoding = 4; lastKnownFileType = sourcecode.cpp.h; path = product.hpp; sourceTree = "<group>"; };
		0B8B40E31EC8CF3900C3650D /* parser.cpp */ = {isa = PBXFileReference; fileEncoding = 4; lastKnownFileType = sourcecode.cpp.cpp; path = parser.cpp; sourceTree = "<group>"; };
		0B8B40E41EC8CF3900C3650D /* parser.hpp */ = {isa = PBXFileReference; fileEncoding = 4; lastKnownFileType = sourcecode.cpp.h; path = parser.hpp; sourceTree = "<group>"; };
		0B8B40E61EC8E71000C3650D /* fileHandler.cpp */ = {isa = PBXFileReference; fileEncoding = 4; lastKnownFileType = sourcecode.cpp.cpp; path = fileHandler.cpp; sourceTree = "<group>"; };
		0B8B40E71EC8E71000C3650D /* fileHandler.hpp */ = {isa = PBXFileReference; fileEncoding = 4; lastKnownFileType = sourcecode.cpp.h; path = fileHandler.hpp; sourceTree = "<group>"; };
		0BC0ABAC1EAA9DF60031DD9A /* e-store */ = {isa = PBXFileReference; explicitFileType = "compiled.mach-o.executable"; includeInIndex = 0; path = "e-store"; sourceTree = BUILT_PRODUCTS_DIR; };
		0BC0ABAF1EAA9DF60031DD9A /* main.cpp */ = {isa = PBXFileReference; lastKnownFileType = sourcecode.cpp.cpp; path = main.cpp; sourceTree = "<group>"; };
		0BC0ABB61EAA9E1A0031DD9A /* system.cpp */ = {isa = PBXFileReference; fileEncoding = 4; lastKnownFileType = sourcecode.cpp.cpp; name = system.cpp; path = ../system.cpp; sourceTree = "<group>"; };
		0BC0ABB71EAA9E1A0031DD9A /* system.hpp */ = {isa = PBXFileReference; fileEncoding = 4; lastKnownFileType = sourcecode.cpp.h; name = system.hpp; path = ../system.hpp; sourceTree = "<group>"; };
		0BC0ABBC1EAA9E620031DD9A /* systemUI.cpp */ = {isa = PBXFileReference; fileEncoding = 4; lastKnownFileType = sourcecode.cpp.cpp; path = systemUI.cpp; sourceTree = "<group>"; };
		0BC0ABBD1EAA9E620031DD9A /* systemUI.hpp */ = {isa = PBXFileReference; fileEncoding = 4; lastKnownFileType = sourcecode.cpp.h; path = systemUI.hpp; sourceTree = "<group>"; };
		0BC0ABC41EAA9F5E0031DD9A /* loginController.cpp */ = {isa = PBXFileReference; fileEncoding = 4; lastKnownFileType = sourcecode.cpp.cpp; path = loginController.cpp; sourceTree = "<group>"; };
		0BC0ABC51EAA9F5E0031DD9A /* loginController.hpp */ = {isa = PBXFileReference; fileEncoding = 4; lastKnownFileType = sourcecode.cpp.h; path = loginController.hpp; sourceTree = "<group>"; };
		0BC0ABCE1EAAA16C0031DD9A /* warehouse.cpp */ = {isa = PBXFileReference; fileEncoding = 4; lastKnownFileType = sourcecode.cpp.cpp; name = warehouse.cpp; path = ../warehouse.cpp; sourceTree = "<group>"; };
		0BC0ABCF1EAAA16C0031DD9A /* warehouse.hpp */ = {isa = PBXFileReference; fileEncoding = 4; lastKnownFileType = sourcecode.cpp.h; name = warehouse.hpp; path = ../warehouse.hpp; sourceTree = "<group>"; };
		0BC0ABD11EAAA1A50031DD9A /* user.cpp */ = {isa = PBXFileReference; fileEncoding = 4; lastKnownFileType = sourcecode.cpp.cpp; name = user.cpp; path = ../user.cpp; sourceTree = "<group>"; };
		0BC0ABD21EAAA1A50031DD9A /* user.hpp */ = {isa = PBXFileReference; fileEncoding = 4; lastKnownFileType = sourcecode.cpp.h; name = user.hpp; path = ../user.hpp; sourceTree = "<group>"; };
		0BC0ABD41EAAA1FB0031DD9A /* cartController.cpp */ = {isa = PBXFileReference; fileEncoding = 4; lastKnownFileType = sourcecode.cpp.cpp; path = cartController.cpp; sourceTree = "<group>"; };
		0BC0ABD51EAAA1FB0031DD9A /* cartController.hpp */ = {isa = PBXFileReference; fileEncoding = 4; lastKnownFileType = sourcecode.cpp.h; path = cartController.hpp; sourceTree = "<group>"; };
/* End PBXFileReference section */

/* Begin PBXFrameworksBuildPhase section */
		0BC0ABA91EAA9DF60031DD9A /* Frameworks */ = {
			isa = PBXFrameworksBuildPhase;
			buildActionMask = 2147483647;
			files = (
			);
			runOnlyForDeploymentPostprocessing = 0;
		};
/* End PBXFrameworksBuildPhase section */

/* Begin PBXGroup section */
		0BC0ABA31EAA9DF60031DD9A = {
			isa = PBXGroup;
			children = (
				0BC0ABAE1EAA9DF60031DD9A /* e-store */,
				0BC0ABAD1EAA9DF60031DD9A /* Products */,
			);
			sourceTree = "<group>";
		};
		0BC0ABAD1EAA9DF60031DD9A /* Products */ = {
			isa = PBXGroup;
			children = (
				0BC0ABAC1EAA9DF60031DD9A /* e-store */,
			);
			name = Products;
			sourceTree = "<group>";
		};
		0BC0ABAE1EAA9DF60031DD9A /* e-store */ = {
			isa = PBXGroup;
			children = (
				0BC0ABC81EAA9F7C0031DD9A /* include */,
				0BC0ABC71EAA9F6E0031DD9A /* src */,
			);
			path = "e-store";
			sourceTree = "<group>";
		};
		0BC0ABC21EAA9EC30031DD9A /* controller */ = {
			isa = PBXGroup;
			children = (
				0BC0ABD41EAAA1FB0031DD9A /* cartController.cpp */,
				0BC0ABC41EAA9F5E0031DD9A /* loginController.cpp */,
				0B8B40E61EC8E71000C3650D /* fileHandler.cpp */,
				0B8B40E31EC8CF3900C3650D /* parser.cpp */,
			);
			name = controller;
			sourceTree = "<group>";
		};
		0BC0ABC31EAA9EF20031DD9A /* interface */ = {
			isa = PBXGroup;
			children = (
				0BC0ABBC1EAA9E620031DD9A /* systemUI.cpp */,
			);
			name = interface;
			sourceTree = "<group>";
		};
		0BC0ABC71EAA9F6E0031DD9A /* src */ = {
			isa = PBXGroup;
			children = (
				0BC0ABAF1EAA9DF60031DD9A /* main.cpp */,
				0BC0ABCD1EAA9FEB0031DD9A /* model */,
				0BC0ABC31EAA9EF20031DD9A /* interface */,
				0BC0ABC21EAA9EC30031DD9A /* controller */,
			);
			name = src;
			sourceTree = "<group>";
		};
		0BC0ABC81EAA9F7C0031DD9A /* include */ = {
			isa = PBXGroup;
			children = (
				0BC0ABCC1EAA9FE30031DD9A /* model */,
				0BC0ABCA1EAA9FA50031DD9A /* interface */,
				0BC0ABCB1EAA9FAB0031DD9A /* controller */,
			);
			name = include;
			sourceTree = "<group>";
		};
		0BC0ABCA1EAA9FA50031DD9A /* interface */ = {
			isa = PBXGroup;
			children = (
				0BC0ABBD1EAA9E620031DD9A /* systemUI.hpp */,
			);
			name = interface;
			sourceTree = "<group>";
		};
		0BC0ABCB1EAA9FAB0031DD9A /* controller */ = {
			isa = PBXGroup;
			children = (
				0BC0ABD51EAAA1FB0031DD9A /* cartController.hpp */,
				0BC0ABC51EAA9F5E0031DD9A /* loginController.hpp */,
				0B8B40E71EC8E71000C3650D /* fileHandler.hpp */,
				0B8B40E41EC8CF3900C3650D /* parser.hpp */,
			);
			name = controller;
			sourceTree = "<group>";
		};
		0BC0ABCC1EAA9FE30031DD9A /* model */ = {
			isa = PBXGroup;
			children = (
				0B8B40E11EB749B000C3650D /* product.hpp */,
				0BC0ABD21EAAA1A50031DD9A /* user.hpp */,
				0BC0ABCF1EAAA16C0031DD9A /* warehouse.hpp */,
				0BC0ABB71EAA9E1A0031DD9A /* system.hpp */,
			);
			name = model;
			sourceTree = "<group>";
		};
		0BC0ABCD1EAA9FEB0031DD9A /* model */ = {
			isa = PBXGroup;
			children = (
				0B8B40E01EB749B000C3650D /* product.cpp */,
				0BC0ABD11EAAA1A50031DD9A /* user.cpp */,
				0BC0ABCE1EAAA16C0031DD9A /* warehouse.cpp */,
				0BC0ABB61EAA9E1A0031DD9A /* system.cpp */,
			);
			name = model;
			sourceTree = "<group>";
		};
/* End PBXGroup section */

/* Begin PBXNativeTarget section */
		0BC0ABAB1EAA9DF60031DD9A /* e-store */ = {
			isa = PBXNativeTarget;
			buildConfigurationList = 0BC0ABB31EAA9DF60031DD9A /* Build configuration list for PBXNativeTarget "e-store" */;
			buildPhases = (
				0BC0ABA81EAA9DF60031DD9A /* Sources */,
				0BC0ABA91EAA9DF60031DD9A /* Frameworks */,
				0BC0ABAA1EAA9DF60031DD9A /* CopyFiles */,
			);
			buildRules = (
			);
			dependencies = (
			);
			name = "e-store";
			productName = "e-store";
			productReference = 0BC0ABAC1EAA9DF60031DD9A /* e-store */;
			productType = "com.apple.product-type.tool";
		};
/* End PBXNativeTarget section */

/* Begin PBXProject section */
		0BC0ABA41EAA9DF60031DD9A /* Project object */ = {
			isa = PBXProject;
			attributes = {
				LastUpgradeCheck = 0830;
				ORGANIZATIONNAME = CodeProject;
				TargetAttributes = {
					0BC0ABAB1EAA9DF60031DD9A = {
						CreatedOnToolsVersion = 8.3.1;
						ProvisioningStyle = Automatic;
					};
				};
			};
			buildConfigurationList = 0BC0ABA71EAA9DF60031DD9A /* Build configuration list for PBXProject "e-store" */;
			compatibilityVersion = "Xcode 3.2";
			developmentRegion = English;
			hasScannedForEncodings = 0;
			knownRegions = (
				en,
			);
			mainGroup = 0BC0ABA31EAA9DF60031DD9A;
			productRefGroup = 0BC0ABAD1EAA9DF60031DD9A /* Products */;
			projectDirPath = "";
			projectRoot = "";
			targets = (
				0BC0ABAB1EAA9DF60031DD9A /* e-store */,
			);
		};
/* End PBXProject section */

/* Begin PBXSourcesBuildPhase section */
		0BC0ABA81EAA9DF60031DD9A /* Sources */ = {
			isa = PBXSourcesBuildPhase;
			buildActionMask = 2147483647;
			files = (
				0B8B40E81EC8E71000C3650D /* fileHandler.cpp in Sources */,
				0BC0ABD31EAAA1A50031DD9A /* user.cpp in Sources */,
				0BC0ABD61EAAA1FB0031DD9A /* cartController.cpp in Sources */,
				0BC0ABC61EAA9F5E0031DD9A /* loginController.cpp in Sources */,
				0BC0ABBE1EAA9E620031DD9A /* systemUI.cpp in Sources */,
				0B8B40E51EC8CF3900C3650D /* parser.cpp in Sources */,
				0BC0ABB81EAA9E1A0031DD9A /* system.cpp in Sources */,
				0BC0ABD01EAAA16C0031DD9A /* warehouse.cpp in Sources */,
				0BC0ABB01EAA9DF60031DD9A /* main.cpp in Sources */,
				0B8B40E21EB749B000C3650D /* product.cpp in Sources */,
			);
			runOnlyForDeploymentPostprocessing = 0;
		};
/* End PBXSourcesBuildPhase section */

/* Begin XCBuildConfiguration section */
		0BC0ABB11EAA9DF60031DD9A /* Debug */ = {
			isa = XCBuildConfiguration;
			buildSettings = {
				ALWAYS_SEARCH_USER_PATHS = NO;
				CLANG_ANALYZER_NONNULL = YES;
				CLANG_ANALYZER_NUMBER_OBJECT_CONVERSION = YES_AGGRESSIVE;
				CLANG_CXX_LANGUAGE_STANDARD = "gnu++0x";
				CLANG_CXX_LIBRARY = "libc++";
				CLANG_ENABLE_MODULES = YES;
				CLANG_ENABLE_OBJC_ARC = YES;
				CLANG_WARN_BOOL_CONVERSION = YES;
				CLANG_WARN_CONSTANT_CONVERSION = YES;
				CLANG_WARN_DIRECT_OBJC_ISA_USAGE = YES_ERROR;
				CLANG_WARN_DOCUMENTATION_COMMENTS = YES;
				CLANG_WARN_EMPTY_BODY = YES;
				CLANG_WARN_ENUM_CONVERSION = YES;
				CLANG_WARN_INFINITE_RECURSION = YES;
				CLANG_WARN_INT_CONVERSION = YES;
				CLANG_WARN_OBJC_ROOT_CLASS = YES_ERROR;
				CLANG_WARN_SUSPICIOUS_MOVE = YES;
				CLANG_WARN_UNREACHABLE_CODE = YES;
				CLANG_WARN__DUPLICATE_METHOD_MATCH = YES;
				CODE_SIGN_IDENTITY = "-";
				COPY_PHASE_STRIP = NO;
				DEBUG_INFORMATION_FORMAT = dwarf;
				ENABLE_STRICT_OBJC_MSGSEND = YES;
				ENABLE_TESTABILITY = YES;
				GCC_C_LANGUAGE_STANDARD = gnu99;
				GCC_DYNAMIC_NO_PIC = NO;
				GCC_NO_COMMON_BLOCKS = YES;
				GCC_OPTIMIZATION_LEVEL = 0;
				GCC_PREPROCESSOR_DEFINITIONS = (
					"DEBUG=1",
					"$(inherited)",
				);
				GCC_WARN_64_TO_32_BIT_CONVERSION = YES;
				GCC_WARN_ABOUT_RETURN_TYPE = YES_ERROR;
				GCC_WARN_UNDECLARED_SELECTOR = YES;
				GCC_WARN_UNINITIALIZED_AUTOS = YES_AGGRESSIVE;
				GCC_WARN_UNUSED_FUNCTION = YES;
				GCC_WARN_UNUSED_VARIABLE = YES;
				MACOSX_DEPLOYMENT_TARGET = 10.12;
				MTL_ENABLE_DEBUG_INFO = YES;
				ONLY_ACTIVE_ARCH = YES;
				SDKROOT = macosx;
			};
			name = Debug;
		};
		0BC0ABB21EAA9DF60031DD9A /* Release */ = {
			isa = XCBuildConfiguration;
			buildSettings = {
				ALWAYS_SEARCH_USER_PATHS = NO;
				CLANG_ANALYZER_NONNULL = YES;
				CLANG_ANALYZER_NUMBER_OBJECT_CONVERSION = YES_AGGRESSIVE;
				CLANG_CXX_LANGUAGE_STANDARD = "gnu++0x";
				CLANG_CXX_LIBRARY = "libc++";
				CLANG_ENABLE_MODULES = YES;
				CLANG_ENABLE_OBJC_ARC = YES;
				CLANG_WARN_BOOL_CONVERSION = YES;
				CLANG_WARN_CONSTANT_CONVERSION = YES;
				CLANG_WARN_DIRECT_OBJC_ISA_USAGE = YES_ERROR;
				CLANG_WARN_DOCUMENTATION_COMMENTS = YES;
				CLANG_WARN_EMPTY_BODY = YES;
				CLANG_WARN_ENUM_CONVERSION = YES;
				CLANG_WARN_INFINITE_RECURSION = YES;
				CLANG_WARN_INT_CONVERSION = YES;
				CLANG_WARN_OBJC_ROOT_CLASS = YES_ERROR;
				CLANG_WARN_SUSPICIOUS_MOVE = YES;
				CLANG_WARN_UNREACHABLE_CODE = YES;
				CLANG_WARN__DUPLICATE_METHOD_MATCH = YES;
				CODE_SIGN_IDENTITY = "-";
				COPY_PHASE_STRIP = NO;
				DEBUG_INFORMATION_FORMAT = "dwarf-with-dsym";
				ENABLE_NS_ASSERTIONS = NO;
				ENABLE_STRICT_OBJC_MSGSEND = YES;
				GCC_C_LANGUAGE_STANDARD = gnu99;
				GCC_NO_COMMON_BLOCKS = YES;
				GCC_WARN_64_TO_32_BIT_CONVERSION = YES;
				GCC_WARN_ABOUT_RETURN_TYPE = YES_ERROR;
				GCC_WARN_UNDECLARED_SELECTOR = YES;
				GCC_WARN_UNINITIALIZED_AUTOS = YES_AGGRESSIVE;
				GCC_WARN_UNUSED_FUNCTION = YES;
				GCC_WARN_UNUSED_VARIABLE = YES;
				MACOSX_DEPLOYMENT_TARGET = 10.12;
				MTL_ENABLE_DEBUG_INFO = NO;
				SDKROOT = macosx;
			};
			name = Release;
		};
		0BC0ABB41EAA9DF60031DD9A /* Debug */ = {
			isa = XCBuildConfiguration;
			buildSettings = {
				PRODUCT_NAME = "$(TARGET_NAME)";
			};
			name = Debug;
		};
		0BC0ABB51EAA9DF60031DD9A /* Release */ = {
			isa = XCBuildConfiguration;
			buildSettings = {
				PRODUCT_NAME = "$(TARGET_NAME)";
			};
			name = Release;
		};
/* End XCBuildConfiguration section */

/* Begin XCConfigurationList section */
		0BC0ABA71EAA9DF60031DD9A /* Build configuration list for PBXProject "e-store" */ = {
			isa = XCConfigurationList;
			buildConfigurations = (
				0BC0ABB11EAA9DF60031DD9A /* Debug */,
				0BC0ABB21EAA9DF60031DD9A /* Release */,
			);
			defaultConfigurationIsVisible = 0;
			defaultConfigurationName = Release;
		};
		0BC0ABB31EAA9DF60031DD9A /* Build configuration list for PBXNativeTarget "e-store" */ = {
			isa = XCConfigurationList;
			buildConfigurations = (
				0BC0ABB41EAA9DF60031DD9A /* Debug */,
				0BC0ABB51EAA9DF60031DD9A /* Release */,
			);
			defaultConfigurationIsVisible = 0;
			defaultConfigurationName = Release;
		};
/* End XCConfigurationList section */
	};
	rootObject = 0BC0ABA41EAA9DF60031DD9A /* Project object */;
}
